{
  "nodes": {
    "c-formatter-42-src": {
      "flake": false,
      "locked": {
        "lastModified": 1769965659,
        "narHash": "sha256-LefXh5v/efwnfbqMroFCluaalmyGOzs83yxg5YAXOII=",
        "owner": "dawnbeen",
        "repo": "c_formatter_42",
        "rev": "f5ad83fbb8f04dab1666608d2989713013afa79f",
        "type": "github"
      },
      "original": {
        "owner": "dawnbeen",
        "repo": "c_formatter_42",
        "type": "github"
      }
    },
    "c-formatter-42-vim-src": {
      "flake": false,
      "locked": {
        "lastModified": 1693743643,
        "narHash": "sha256-LutpQuceEypwwln9LZuwCzM1Eu2Cmvox1KtwpgwmTDc=",
        "owner": "cacharle",
        "repo": "c_formatter_42.vim",
        "rev": "7a2d50f6683d6f58a2c95375524b4406d6bdc2c3",
        "type": "github"
      },
      "original": {
        "owner": "cacharle",
        "repo": "c_formatter_42.vim",
        "type": "github"
      }
    },
    "flake-utils": {
      "inputs": {
        "systems": "systems"
      },
      "locked": {
        "lastModified": 1731533236,
        "narHash": "sha256-l0KFg5HjrsfsO/JpG+r7fRrqm12kzFHyUHqHCVpMMbI=",
        "owner": "numtide",
        "repo": "flake-utils",
        "rev": "11707dc2f618dd54ca8739b309ec4fc024de578b",
        "type": "github"
      },
      "original": {
        "owner": "numtide",
        "repo": "flake-utils",
        "type": "github"
      }
    },
    "header42-src": {
      "flake": false,
      "locked": {
        "lastModified": 1786233025,
        "narHash": "sha256-waAi4BfTulro6Pvs2xPsW7RrMhggt+OBwy5FAoUYGTs=",
        "owner": "42Paris",
        "repo": "42header",
        "rev": "8ccddfe98127e2f90b7ddf91512224f554fd79b2",
        "type": "github"
      },
      "original": {
        "owner": "42Paris",
        "repo": "42header",
        "type": "github"
      }
    },
    "nerdtree-src": {
      "flake": false,
      "locked": {
        "lastModified": 1758902859,
        "narHash": "sha256-yp5AE8gv1xW3cXMd24D23BXCOqCp4CJQPFRhU9YdvRo=",
        "owner": "preservim",
        "repo": "nerdtree",
        "rev": "690d061b591525890f1471c6675bcb5bdc8cdff9",
        "type": "github"
      },
      "original": {
        "owner": "preservim",
        "repo": "nerdtree",
        "type": "github"
      }
    },
    "nixpkgs": {
      "locked": {
        "lastModified": 1787498568,
        "narHash": "sha256-9i/VTdusq/+NM/tz+J1Re+ojkMB8MBf0QshnYfzHz30=",
        "owner": "NixOS",
        "repo": "nixpkgs",
        "rev": "56c02bc00adcf003215cc4bd996d6efaf4cff188",
        "type": "github"
      },
      "original": {
        "owner": "NixOS",
        "ref": "nixos-unstable",
        "repo": "nixpkgs",
        "type": "github"
      }
    },
    "root": {
      "inputs": {
        "c-formatter-42-src": "c-formatter-42-src",
        "c-formatter-42-vim-src": "c-formatter-42-vim-src",
        "flake-utils": "flake-utils",
        "header42-src": "header42-src",
        "nerdtree-src": "nerdtree-src",
        "nixpkgs": "nixpkgs"
      }
    },
    "systems": {
      "locked": {
        "lastModified": 1681028828,
        "narHash": "sha256-Vy1rq5AaRuLzOxct8nz4T6wlgyUR7zLU309k9mBC768=",
        "owner": "nix-systems",
        "repo": "default",
        "rev": "da67096a3b9bf56a91d16901293e51ba5b49a27e",
        "type": "github"
      },
      "original": {
        "owner": "nix-systems",
        "repo": "default",
        "type": "github"
      }
    }
  },
  "root": "root",
  "version": 7
}
